
Microsoft Visual Studio Solution File, Format Version 12.00
# Visual Studio 14
VisualStudioVersion = 14.0.25420.1
MinimumVisualStudioVersion = 10.0.40219.1
Project("{FAE04EC0-301F-11D3-BF4B-00C04F79EFBC}") = "NewEmployeeService", "NewEmployeeService\NewEmployeeService.csproj", "{52246E47-34DE-4841-A616-111BEB53C43E}"
EndProject
Project("{FAE04EC0-301F-11D3-BF4B-00C04F79EFBC}") = "NewEmployeeData", "NewEmployeeData\NewEmployeeData.csproj", "{E3942B82-8CEC-4A29-BA32-F819543153C4}"
EndProject
Global
	GlobalSection(SolutionConfigurationPlatforms) = preSolution
		Debug|Any CPU = Debug|Any CPU
		Release|Any CPU = Release|Any CPU
	EndGlobalSection
	GlobalSection(ProjectConfigurationPlatforms) = postSolution
		{52246E47-34DE-4841-A616-111BEB53C43E}.Debug|Any CPU.ActiveCfg = Debug|Any CPU
		{52246E47-34DE-4841-A616-111BEB53C43E}.Debug|Any CPU.Build.0 = Debug|Any CPU
		{52246E47-34DE-4841-A616-111BEB53C43E}.Release|Any CPU.ActiveCfg = Release|Any CPU
		{52246E47-34DE-4841-A616-111BEB53C43E}.Release|Any CPU.Build.0 = Release|Any CPU
		{E3942B82-8CEC-4A29-BA32-F819543153C4}.Debug|Any CPU.ActiveCfg = Debug|Any CPU
		{E3942B82-8CEC-4A29-BA32-F819543153C4}.Debug|Any CPU.Build.0 = Debug|Any CPU
		{E3942B82-8CEC-4A29-BA32-F819543153C4}.Release|Any CPU.ActiveCfg = Release|Any CPU
		{E3942B82-8CEC-4A29-BA32-F819543153C4}.Release|Any CPU.Build.0 = Release|Any CPU
	EndGlobalSection
	GlobalSection(SolutionProperties) = preSolution
		HideSolutionNode = FALSE
	EndGlobalSection
EndGlobal
